
Microsoft Visual Studio Solution File, Format Version 12.00
# Visual Studio Version 16
VisualStudioVersion = 16.0.33927.289
MinimumVisualStudioVersion = 10.0.40219.1
Project("{2150E333-8FDC-42A3-9474-1A3956D46DE8}") = "Task0", "Task0", "{EC09670B-CFD6-4042-A7B9-13A97D14FABC}"
EndProject
Project("{FAE04EC0-301F-11D3-BF4B-00C04F79EFBC}") = "Tyuiu.VengoVE.Sprint1.Task0.V21", "Tyuiu.VengoVE.Sprint1.Task0.V21\Tyuiu.VengoVE.Sprint1.Task0.V21.csproj", "{FAA9C885-AB74-463B-BEAF-DFBE707E2C6C}"
EndProject
Project("{FAE04EC0-301F-11D3-BF4B-00C04F79EFBC}") = "Tyuiu.VengoVE.Sprint1.Task0.V21.Lib", "Tyuiu.VengoVE.Sprint1.Task0.V21.Lib\Tyuiu.VengoVE.Sprint1.Task0.V21.Lib.csproj", "{0DEB5F9A-9C19-43BF-BCA6-D96D6478BF9C}"
EndProject
Project("{FAE04EC0-301F-11D3-BF4B-00C04F79EFBC}") = "Tyuiu.VengoVE.Sprint1.Task0.V21.Test", "Tyuiu.VengoVE.Sprint1.Task0.V21.Test\Tyuiu.VengoVE.Sprint1.Task0.V21.Test.csproj", "{25ABDE14-5A41-469F-8253-37429A14639A}"
EndProject
Project("{2150E333-8FDC-42A3-9474-1A3956D46DE8}") = "Task1", "Task1", "{C418A267-2FAC-4982-B6A4-BBC15CE20AB9}"
EndProject
Project("{FAE04EC0-301F-11D3-BF4B-00C04F79EFBC}") = "Tyuiu.VengoVE.Sprint1.Task1.V3", "Tyuiu.VengoVE.Sprint1.Task1.V3\Tyuiu.VengoVE.Sprint1.Task1.V3.csproj", "{64289B70-F2D4-40B1-85E6-99F974441EC0}"
EndProject
Project("{FAE04EC0-301F-11D3-BF4B-00C04F79EFBC}") = "Tyuiu.VengoVE.Sprint1.Task1.V3.Lib", "Tyuiu.VengoVE.Sprint1.Task1.V3.Lib\Tyuiu.VengoVE.Sprint1.Task1.V3.Lib.csproj", "{AF6D425C-A531-4584-872E-F9F4E8FACE34}"
EndProject
Project("{FAE04EC0-301F-11D3-BF4B-00C04F79EFBC}") = "Tyuiu.VengoVE.Sprint1.Task1.V3.Test", "Tyuiu.VengoVE.Sprint1.Task1.V3.Test\Tyuiu.VengoVE.Sprint1.Task1.V3.Test.csproj", "{56C0E25D-EC0B-47A4-86F6-45FFF6B55175}"
EndProject
Project("{2150E333-8FDC-42A3-9474-1A3956D46DE8}") = "Task2", "Task2", "{4AC0466B-D75B-4BBC-8C4C-B07E61A56E9A}"
EndProject
Project("{FAE04EC0-301F-11D3-BF4B-00C04F79EFBC}") = "Tyuiu.VengoVE.Sprint1.Task2.V4", "Tyuiu.VengoVE.Sprint1.Task2.V4\Tyuiu.VengoVE.Sprint1.Task2.V4.csproj", "{AC285D59-28DA-4EAE-81F0-EAEAF04ADB8F}"
EndProject
Project("{FAE04EC0-301F-11D3-BF4B-00C04F79EFBC}") = "Tyuiu.VengoVE.Sprint1.Task2.V4.Lib", "Tyuiu.VengoVE.Sprint1.Task2.V4.Lib\Tyuiu.VengoVE.Sprint1.Task2.V4.Lib.csproj", "{A57BEC5C-12BB-4189-98E3-E25D9AE04A00}"
EndProject
Project("{FAE04EC0-301F-11D3-BF4B-00C04F79EFBC}") = "Tyuiu.VengoVE.Sprint1.Task2.V4.Test", "Tyuiu.VengoVE.Sprint1.Task2.V4.Test\Tyuiu.VengoVE.Sprint1.Task2.V4.Test.csproj", "{DF032EE7-FB16-4D4F-82C8-99D3DEAEA0D4}"
EndProject
Global
	GlobalSection(SolutionConfigurationPlatforms) = preSolution
		Debug|Any CPU = Debug|Any CPU
		Release|Any CPU = Release|Any CPU
	EndGlobalSection
	GlobalSection(ProjectConfigurationPlatforms) = postSolution
		{FAA9C885-AB74-463B-BEAF-DFBE707E2C6C}.Debug|Any CPU.ActiveCfg = Debug|Any CPU
		{FAA9C885-AB74-463B-BEAF-DFBE707E2C6C}.Debug|Any CPU.Build.0 = Debug|Any CPU
		{FAA9C885-AB74-463B-BEAF-DFBE707E2C6C}.Release|Any CPU.ActiveCfg = Release|Any CPU
		{FAA9C885-AB74-463B-BEAF-DFBE707E2C6C}.Release|Any CPU.Build.0 = Release|Any CPU
		{0DEB5F9A-9C19-43BF-BCA6-D96D6478BF9C}.Debug|Any CPU.ActiveCfg = Debug|Any CPU
		{0DEB5F9A-9C19-43BF-BCA6-D96D6478BF9C}.Debug|Any CPU.Build.0 = Debug|Any CPU
		{0DEB5F9A-9C19-43BF-BCA6-D96D6478BF9C}.Release|Any CPU.ActiveCfg = Release|Any CPU
		{0DEB5F9A-9C19-43BF-BCA6-D96D6478BF9C}.Release|Any CPU.Build.0 = Release|Any CPU
		{25ABDE14-5A41-469F-8253-37429A14639A}.Debug|Any CPU.ActiveCfg = Debug|Any CPU
		{25ABDE14-5A41-469F-8253-37429A14639A}.Debug|Any CPU.Build.0 = Debug|Any CPU
		{25ABDE14-5A41-469F-8253-37429A14639A}.Release|Any CPU.ActiveCfg = Release|Any CPU
		{25ABDE14-5A41-469F-8253-37429A14639A}.Release|Any CPU.Build.0 = Release|Any CPU
		{64289B70-F2D4-40B1-85E6-99F974441EC0}.Debug|Any CPU.ActiveCfg = Debug|Any CPU
		{64289B70-F2D4-40B1-85E6-99F974441EC0}.Debug|Any CPU.Build.0 = Debug|Any CPU
		{64289B70-F2D4-40B1-85E6-99F974441EC0}.Release|Any CPU.ActiveCfg = Release|Any CPU
		{64289B70-F2D4-40B1-85E6-99F974441EC0}.Release|Any CPU.Build.0 = Release|Any CPU
		{AF6D425C-A531-4584-872E-F9F4E8FACE34}.Debug|Any CPU.ActiveCfg = Debug|Any CPU
		{AF6D425C-A531-4584-872E-F9F4E8FACE34}.Debug|Any CPU.Build.0 = Debug|Any CPU
		{AF6D425C-A531-4584-872E-F9F4E8FACE34}.Release|Any CPU.ActiveCfg = Release|Any CPU
		{AF6D425C-A531-4584-872E-F9F4E8FACE34}.Release|Any CPU.Build.0 = Release|Any CPU
		{56C0E25D-EC0B-47A4-86F6-45FFF6B55175}.Debug|Any CPU.ActiveCfg = Debug|Any CPU
		{56C0E25D-EC0B-47A4-86F6-45FFF6B55175}.Debug|Any CPU.Build.0 = Debug|Any CPU
		{56C0E25D-EC0B-47A4-86F6-45FFF6B55175}.Release|Any CPU.ActiveCfg = Release|Any CPU
		{56C0E25D-EC0B-47A4-86F6-45FFF6B55175}.Release|Any CPU.Build.0 = Release|Any CPU
		{AC285D59-28DA-4EAE-81F0-EAEAF04ADB8F}.Debug|Any CPU.ActiveCfg = Debug|Any CPU
		{AC285D59-28DA-4EAE-81F0-EAEAF04ADB8F}.Debug|Any CPU.Build.0 = Debug|Any CPU
		{AC285D59-28DA-4EAE-81F0-EAEAF04ADB8F}.Release|Any CPU.ActiveCfg = Release|Any CPU
		{AC285D59-28DA-4EAE-81F0-EAEAF04ADB8F}.Release|Any CPU.Build.0 = Release|Any CPU
		{A57BEC5C-12BB-4189-98E3-E25D9AE04A00}.Debug|Any CPU.ActiveCfg = Debug|Any CPU
		{A57BEC5C-12BB-4189-98E3-E25D9AE04A00}.Debug|Any CPU.Build.0 = Debug|Any CPU
		{A57BEC5C-12BB-4189-98E3-E25D9AE04A00}.Release|Any CPU.ActiveCfg = Release|Any CPU
		{A57BEC5C-12BB-4189-98E3-E25D9AE04A00}.Release|Any CPU.Build.0 = Release|Any CPU
		{DF032EE7-FB16-4D4F-82C8-99D3DEAEA0D4}.Debug|Any CPU.ActiveCfg = Debug|Any CPU
		{DF032EE7-FB16-4D4F-82C8-99D3DEAEA0D4}.Debug|Any CPU.Build.0 = Debug|Any CPU
		{DF032EE7-FB16-4D4F-82C8-99D3DEAEA0D4}.Release|Any CPU.ActiveCfg = Release|Any CPU
		{DF032EE7-FB16-4D4F-82C8-99D3DEAEA0D4}.Release|Any CPU.Build.0 = Release|Any CPU
	EndGlobalSection
	GlobalSection(SolutionProperties) = preSolution
		HideSolutionNode = FALSE
	EndGlobalSection
	GlobalSection(NestedProjects) = preSolution
		{FAA9C885-AB74-463B-BEAF-DFBE707E2C6C} = {EC09670B-CFD6-4042-A7B9-13A97D14FABC}
		{0DEB5F9A-9C19-43BF-BCA6-D96D6478BF9C} = {EC09670B-CFD6-4042-A7B9-13A97D14FABC}
		{25ABDE14-5A41-469F-8253-37429A14639A} = {EC09670B-CFD6-4042-A7B9-13A97D14FABC}
		{64289B70-F2D4-40B1-85E6-99F974441EC0} = {C418A267-2FAC-4982-B6A4-BBC15CE20AB9}
		{AF6D425C-A531-4584-872E-F9F4E8FACE34} = {C418A267-2FAC-4982-B6A4-BBC15CE20AB9}
		{56C0E25D-EC0B-47A4-86F6-45FFF6B55175} = {C418A267-2FAC-4982-B6A4-BBC15CE20AB9}
		{AC285D59-28DA-4EAE-81F0-EAEAF04ADB8F} = {4AC0466B-D75B-4BBC-8C4C-B07E61A56E9A}
		{A57BEC5C-12BB-4189-98E3-E25D9AE04A00} = {4AC0466B-D75B-4BBC-8C4C-B07E61A56E9A}
		{DF032EE7-FB16-4D4F-82C8-99D3DEAEA0D4} = {4AC0466B-D75B-4BBC-8C4C-B07E61A56E9A}
	EndGlobalSection
	GlobalSection(ExtensibilityGlobals) = postSolution
		SolutionGuid = {B616FCF7-F979-4939-8AC5-A5F7441B2F1F}
	EndGlobalSection
EndGlobal
