
Microsoft Visual Studio Solution File, Format Version 12.00
# Visual Studio Version 16
VisualStudioVersion = 16.0.33927.289
MinimumVisualStudioVersion = 10.0.40219.1
Project("{2150E333-8FDC-42A3-9474-1A3956D46DE8}") = "Task0", "Task0", "{EC09670B-CFD6-4042-A7B9-13A97D14FABC}"
EndProject
Project("{FAE04EC0-301F-11D3-BF4B-00C04F79EFBC}") = "Tyuiu.VengoVE.Sprint1.Task0.V21", "Tyuiu.VengoVE.Sprint1.Task0.V21\Tyuiu.VengoVE.Sprint1.Task0.V21.csproj", "{FAA9C885-AB74-463B-BEAF-DFBE707E2C6C}"
EndProject
Project("{FAE04EC0-301F-11D3-BF4B-00C04F79EFBC}") = "Tyuiu.VengoVE.Sprint1.Task0.V21.Lib", "Tyuiu.VengoVE.Sprint1.Task0.V21.Lib\Tyuiu.VengoVE.Sprint1.Task0.V21.Lib.csproj", "{0DEB5F9A-9C19-43BF-BCA6-D96D6478BF9C}"
EndProject
Project("{FAE04EC0-301F-11D3-BF4B-00C04F79EFBC}") = "Tyuiu.VengoVE.Sprint1.Task0.V21.Test", "Tyuiu.VengoVE.Sprint1.Task0.V21.Test\Tyuiu.VengoVE.Sprint1.Task0.V21.Test.csproj", "{25ABDE14-5A41-469F-8253-37429A14639A}"
EndProject
Project("{2150E333-8FDC-42A3-9474-1A3956D46DE8}") = "Task1", "Task1", "{C418A267-2FAC-4982-B6A4-BBC15CE20AB9}"
EndProject
Project("{FAE04EC0-301F-11D3-BF4B-00C04F79EFBC}") = "Tyuiu.VengoVE.Sprint1.Task1.V3", "Tyuiu.VengoVE.Sprint1.Task1.V3\Tyuiu.VengoVE.Sprint1.Task1.V3.csproj", "{64289B70-F2D4-40B1-85E6-99F974441EC0}"
EndProject
Project("{FAE04EC0-301F-11D3-BF4B-00C04F79EFBC}") = "Tyuiu.VengoVE.Sprint1.Task1.V3.Lib", "Tyuiu.VengoVE.Sprint1.Task1.V3.Lib\Tyuiu.VengoVE.Sprint1.Task1.V3.Lib.csproj", "{AF6D425C-A531-4584-872E-F9F4E8FACE34}"
EndProject
Project("{FAE04EC0-301F-11D3-BF4B-00C04F79EFBC}") = "Tyuiu.VengoVE.Sprint1.Task1.V3.Test", "Tyuiu.VengoVE.Sprint1.Task1.V3.Test\Tyuiu.VengoVE.Sprint1.Task1.V3.Test.csproj", "{56C0E25D-EC0B-47A4-86F6-45FFF6B55175}"
EndProject
Project("{2150E333-8FDC-42A3-9474-1A3956D46DE8}") = "Task2", "Task2", "{4AC0466B-D75B-4BBC-8C4C-B07E61A56E9A}"
EndProject
Project("{FAE04EC0-301F-11D3-BF4B-00C04F79EFBC}") = "Tyuiu.VengoVE.Sprint1.Task2.V4", "Tyuiu.VengoVE.Sprint1.Task2.V4\Tyuiu.VengoVE.Sprint1.Task2.V4.csproj", "{AC285D59-28DA-4EAE-81F0-EAEAF04ADB8F}"
EndProject
Project("{FAE04EC0-301F-11D3-BF4B-00C04F79EFBC}") = "Tyuiu.VengoVE.Sprint1.Task2.V4.Lib", "Tyuiu.VengoVE.Sprint1.Task2.V4.Lib\Tyuiu.VengoVE.Sprint1.Task2.V4.Lib.csproj", "{A57BEC5C-12BB-4189-98E3-E25D9AE04A00}"
EndProject
Project("{FAE04EC0-301F-11D3-BF4B-00C04F79EFBC}") = "Tyuiu.VengoVE.Sprint1.Task2.V4.Test", "Tyuiu.VengoVE.Sprint1.Task2.V4.Test\Tyuiu.VengoVE.Sprint1.Task2.V4.Test.csproj", "{DF032EE7-FB16-4D4F-82C8-99D3DEAEA0D4}"
EndProject
Project("{2150E333-8FDC-42A3-9474-1A3956D46DE8}") = "Task3", "Task3", "{8D629125-DB5C-4928-A017-BF5A75DB7BD5}"
EndProject
Project("{FAE04EC0-301F-11D3-BF4B-00C04F79EFBC}") = "Tyuiu.VengoVE.Sprint1.Task3.V5", "Tyuiu.VengoVE.Sprint1.Task3.V5\Tyuiu.VengoVE.Sprint1.Task3.V5.csproj", "{BA484728-2D9B-46C4-9DC6-27C21895FF8A}"
EndProject
Project("{FAE04EC0-301F-11D3-BF4B-00C04F79EFBC}") = "Tyuiu.VengoVE.Sprint1.Task3.V5.Lib", "Tyuiu.VengoVE.Sprint1.Task3.V5.Lib\Tyuiu.VengoVE.Sprint1.Task3.V5.Lib.csproj", "{F13A1C71-DB87-47A3-92EA-7E6A0CB7BED8}"
EndProject
Project("{FAE04EC0-301F-11D3-BF4B-00C04F79EFBC}") = "Tyuiu.VengoVE.Sprint1.Task3.V5.Test", "Tyuiu.VengoVE.Sprint1.Task3.V5.Test\Tyuiu.VengoVE.Sprint1.Task3.V5.Test.csproj", "{5BF6D169-78DB-4B47-84C0-D69050B972F9}"
EndProject
Project("{2150E333-8FDC-42A3-9474-1A3956D46DE8}") = "Task4", "Task4", "{47E1DB81-B01B-4ED8-9BA3-59E4CF559721}"
EndProject
Project("{FAE04EC0-301F-11D3-BF4B-00C04F79EFBC}") = "Tyuiu.VengoVE.Sprint1.Task4.V24", "Tyuiu.VengoVE.Sprint1.Task4.V24\Tyuiu.VengoVE.Sprint1.Task4.V24.csproj", "{090CB704-C447-4B0B-901C-A0736B07C91F}"
EndProject
Project("{FAE04EC0-301F-11D3-BF4B-00C04F79EFBC}") = "Tyuiu.VengoVE.Sprint1.Task4.V24.Lib", "Tyuiu.VengoVE.Sprint1.Task4.V24.Lib\Tyuiu.VengoVE.Sprint1.Task4.V24.Lib.csproj", "{1E2C2A2A-5D0C-486F-BC07-13D9D7A2689F}"
EndProject
Project("{FAE04EC0-301F-11D3-BF4B-00C04F79EFBC}") = "Tyuiu.VengoVE.Sprint1.Task4.V24.Test", "Tyuiu.VengoVE.Sprint1.Task4.V24.Test\Tyuiu.VengoVE.Sprint1.Task4.V24.Test.csproj", "{6FA47E26-EE8E-48DC-9BF8-6A131262405C}"
EndProject
Project("{2150E333-8FDC-42A3-9474-1A3956D46DE8}") = "Task5", "Task5", "{0CC8E074-D787-432E-A392-C1457DEB4B07}"
EndProject
Project("{FAE04EC0-301F-11D3-BF4B-00C04F79EFBC}") = "Tyuiu.VengoVE.Sprint1.Task5.V2", "Tyuiu.VengoVE.Sprint1.Task5.V2\Tyuiu.VengoVE.Sprint1.Task5.V2.csproj", "{8B00C0D6-ECB0-4C2C-8723-8B5E055E5C92}"
EndProject
Project("{FAE04EC0-301F-11D3-BF4B-00C04F79EFBC}") = "Tyuiu.VengoVE.Sprint1.Task5.V2.Lib", "Tyuiu.VengoVE.Sprint1.Task5.V2.Lib\Tyuiu.VengoVE.Sprint1.Task5.V2.Lib.csproj", "{76858774-EA71-4C9E-A58E-4FA766BBC42A}"
EndProject
Project("{FAE04EC0-301F-11D3-BF4B-00C04F79EFBC}") = "Tyuiu.VengoVE.Sprint1.Task5.V2.Test", "Tyuiu.VengoVE.Sprint1.Task5.V2.Test\Tyuiu.VengoVE.Sprint1.Task5.V2.Test.csproj", "{AD131498-7865-43A4-90ED-8519E332E651}"
EndProject
Project("{2150E333-8FDC-42A3-9474-1A3956D46DE8}") = "Task6", "Task6", "{208160B5-63C9-49B4-B146-D0524DBC6EBF}"
EndProject
Project("{FAE04EC0-301F-11D3-BF4B-00C04F79EFBC}") = "Tyuiu.VengoVE.Sprint1.Task6.V3", "Tyuiu.VengoVE.Sprint1.Task6.V2\Tyuiu.VengoVE.Sprint1.Task6.V3.csproj", "{A69BE5D4-E1C6-447B-A282-0EAA4752C31E}"
EndProject
Project("{FAE04EC0-301F-11D3-BF4B-00C04F79EFBC}") = "Tyuiu.VengoVE.Sprint1.Task6.V3.Lib", "Tyuiu.VengoVE.Sprint1.Task6.V2.Lib\Tyuiu.VengoVE.Sprint1.Task6.V3.Lib.csproj", "{9544D19D-BC72-4CA5-B208-AC83D8DEF768}"
EndProject
Project("{FAE04EC0-301F-11D3-BF4B-00C04F79EFBC}") = "Tyuiu.VengoVE.Sprint1.Task6.V3.Test", "Tyuiu.VengoVE.Sprint1.Task6.V2.Test\Tyuiu.VengoVE.Sprint1.Task6.V3.Test.csproj", "{BCC73C56-173A-4B78-9F93-C61F8D8C54E0}"
EndProject
Global
	GlobalSection(SolutionConfigurationPlatforms) = preSolution
		Debug|Any CPU = Debug|Any CPU
		Release|Any CPU = Release|Any CPU
	EndGlobalSection
	GlobalSection(ProjectConfigurationPlatforms) = postSolution
		{FAA9C885-AB74-463B-BEAF-DFBE707E2C6C}.Debug|Any CPU.ActiveCfg = Debug|Any CPU
		{FAA9C885-AB74-463B-BEAF-DFBE707E2C6C}.Debug|Any CPU.Build.0 = Debug|Any CPU
		{FAA9C885-AB74-463B-BEAF-DFBE707E2C6C}.Release|Any CPU.ActiveCfg = Release|Any CPU
		{FAA9C885-AB74-463B-BEAF-DFBE707E2C6C}.Release|Any CPU.Build.0 = Release|Any CPU
		{0DEB5F9A-9C19-43BF-BCA6-D96D6478BF9C}.Debug|Any CPU.ActiveCfg = Debug|Any CPU
		{0DEB5F9A-9C19-43BF-BCA6-D96D6478BF9C}.Debug|Any CPU.Build.0 = Debug|Any CPU
		{0DEB5F9A-9C19-43BF-BCA6-D96D6478BF9C}.Release|Any CPU.ActiveCfg = Release|Any CPU
		{0DEB5F9A-9C19-43BF-BCA6-D96D6478BF9C}.Release|Any CPU.Build.0 = Release|Any CPU
		{25ABDE14-5A41-469F-8253-37429A14639A}.Debug|Any CPU.ActiveCfg = Debug|Any CPU
		{25ABDE14-5A41-469F-8253-37429A14639A}.Debug|Any CPU.Build.0 = Debug|Any CPU
		{25ABDE14-5A41-469F-8253-37429A14639A}.Release|Any CPU.ActiveCfg = Release|Any CPU
		{25ABDE14-5A41-469F-8253-37429A14639A}.Release|Any CPU.Build.0 = Release|Any CPU
		{64289B70-F2D4-40B1-85E6-99F974441EC0}.Debug|Any CPU.ActiveCfg = Debug|Any CPU
		{64289B70-F2D4-40B1-85E6-99F974441EC0}.Debug|Any CPU.Build.0 = Debug|Any CPU
		{64289B70-F2D4-40B1-85E6-99F974441EC0}.Release|Any CPU.ActiveCfg = Release|Any CPU
		{64289B70-F2D4-40B1-85E6-99F974441EC0}.Release|Any CPU.Build.0 = Release|Any CPU
		{AF6D425C-A531-4584-872E-F9F4E8FACE34}.Debug|Any CPU.ActiveCfg = Debug|Any CPU
		{AF6D425C-A531-4584-872E-F9F4E8FACE34}.Debug|Any CPU.Build.0 = Debug|Any CPU
		{AF6D425C-A531-4584-872E-F9F4E8FACE34}.Release|Any CPU.ActiveCfg = Release|Any CPU
		{AF6D425C-A531-4584-872E-F9F4E8FACE34}.Release|Any CPU.Build.0 = Release|Any CPU
		{56C0E25D-EC0B-47A4-86F6-45FFF6B55175}.Debug|Any CPU.ActiveCfg = Debug|Any CPU
		{56C0E25D-EC0B-47A4-86F6-45FFF6B55175}.Debug|Any CPU.Build.0 = Debug|Any CPU
		{56C0E25D-EC0B-47A4-86F6-45FFF6B55175}.Release|Any CPU.ActiveCfg = Release|Any CPU
		{56C0E25D-EC0B-47A4-86F6-45FFF6B55175}.Release|Any CPU.Build.0 = Release|Any CPU
		{AC285D59-28DA-4EAE-81F0-EAEAF04ADB8F}.Debug|Any CPU.ActiveCfg = Debug|Any CPU
		{AC285D59-28DA-4EAE-81F0-EAEAF04ADB8F}.Debug|Any CPU.Build.0 = Debug|Any CPU
		{AC285D59-28DA-4EAE-81F0-EAEAF04ADB8F}.Release|Any CPU.ActiveCfg = Release|Any CPU
		{AC285D59-28DA-4EAE-81F0-EAEAF04ADB8F}.Release|Any CPU.Build.0 = Release|Any CPU
		{A57BEC5C-12BB-4189-98E3-E25D9AE04A00}.Debug|Any CPU.ActiveCfg = Debug|Any CPU
		{A57BEC5C-12BB-4189-98E3-E25D9AE04A00}.Debug|Any CPU.Build.0 = Debug|Any CPU
		{A57BEC5C-12BB-4189-98E3-E25D9AE04A00}.Release|Any CPU.ActiveCfg = Release|Any CPU
		{A57BEC5C-12BB-4189-98E3-E25D9AE04A00}.Release|Any CPU.Build.0 = Release|Any CPU
		{DF032EE7-FB16-4D4F-82C8-99D3DEAEA0D4}.Debug|Any CPU.ActiveCfg = Debug|Any CPU
		{DF032EE7-FB16-4D4F-82C8-99D3DEAEA0D4}.Debug|Any CPU.Build.0 = Debug|Any CPU
		{DF032EE7-FB16-4D4F-82C8-99D3DEAEA0D4}.Release|Any CPU.ActiveCfg = Release|Any CPU
		{DF032EE7-FB16-4D4F-82C8-99D3DEAEA0D4}.Release|Any CPU.Build.0 = Release|Any CPU
		{BA484728-2D9B-46C4-9DC6-27C21895FF8A}.Debug|Any CPU.ActiveCfg = Debug|Any CPU
		{BA484728-2D9B-46C4-9DC6-27C21895FF8A}.Debug|Any CPU.Build.0 = Debug|Any CPU
		{BA484728-2D9B-46C4-9DC6-27C21895FF8A}.Release|Any CPU.ActiveCfg = Release|Any CPU
		{BA484728-2D9B-46C4-9DC6-27C21895FF8A}.Release|Any CPU.Build.0 = Release|Any CPU
		{F13A1C71-DB87-47A3-92EA-7E6A0CB7BED8}.Debug|Any CPU.ActiveCfg = Debug|Any CPU
		{F13A1C71-DB87-47A3-92EA-7E6A0CB7BED8}.Debug|Any CPU.Build.0 = Debug|Any CPU
		{F13A1C71-DB87-47A3-92EA-7E6A0CB7BED8}.Release|Any CPU.ActiveCfg = Release|Any CPU
		{F13A1C71-DB87-47A3-92EA-7E6A0CB7BED8}.Release|Any CPU.Build.0 = Release|Any CPU
		{5BF6D169-78DB-4B47-84C0-D69050B972F9}.Debug|Any CPU.ActiveCfg = Debug|Any CPU
		{5BF6D169-78DB-4B47-84C0-D69050B972F9}.Debug|Any CPU.Build.0 = Debug|Any CPU
		{5BF6D169-78DB-4B47-84C0-D69050B972F9}.Release|Any CPU.ActiveCfg = Release|Any CPU
		{5BF6D169-78DB-4B47-84C0-D69050B972F9}.Release|Any CPU.Build.0 = Release|Any CPU
		{090CB704-C447-4B0B-901C-A0736B07C91F}.Debug|Any CPU.ActiveCfg = Debug|Any CPU
		{090CB704-C447-4B0B-901C-A0736B07C91F}.Debug|Any CPU.Build.0 = Debug|Any CPU
		{090CB704-C447-4B0B-901C-A0736B07C91F}.Release|Any CPU.ActiveCfg = Release|Any CPU
		{090CB704-C447-4B0B-901C-A0736B07C91F}.Release|Any CPU.Build.0 = Release|Any CPU
		{1E2C2A2A-5D0C-486F-BC07-13D9D7A2689F}.Debug|Any CPU.ActiveCfg = Debug|Any CPU
		{1E2C2A2A-5D0C-486F-BC07-13D9D7A2689F}.Debug|Any CPU.Build.0 = Debug|Any CPU
		{1E2C2A2A-5D0C-486F-BC07-13D9D7A2689F}.Release|Any CPU.ActiveCfg = Release|Any CPU
		{1E2C2A2A-5D0C-486F-BC07-13D9D7A2689F}.Release|Any CPU.Build.0 = Release|Any CPU
		{6FA47E26-EE8E-48DC-9BF8-6A131262405C}.Debug|Any CPU.ActiveCfg = Debug|Any CPU
		{6FA47E26-EE8E-48DC-9BF8-6A131262405C}.Debug|Any CPU.Build.0 = Debug|Any CPU
		{6FA47E26-EE8E-48DC-9BF8-6A131262405C}.Release|Any CPU.ActiveCfg = Release|Any CPU
		{6FA47E26-EE8E-48DC-9BF8-6A131262405C}.Release|Any CPU.Build.0 = Release|Any CPU
		{8B00C0D6-ECB0-4C2C-8723-8B5E055E5C92}.Debug|Any CPU.ActiveCfg = Debug|Any CPU
		{8B00C0D6-ECB0-4C2C-8723-8B5E055E5C92}.Debug|Any CPU.Build.0 = Debug|Any CPU
		{8B00C0D6-ECB0-4C2C-8723-8B5E055E5C92}.Release|Any CPU.ActiveCfg = Release|Any CPU
		{8B00C0D6-ECB0-4C2C-8723-8B5E055E5C92}.Release|Any CPU.Build.0 = Release|Any CPU
		{76858774-EA71-4C9E-A58E-4FA766BBC42A}.Debug|Any CPU.ActiveCfg = Debug|Any CPU
		{76858774-EA71-4C9E-A58E-4FA766BBC42A}.Debug|Any CPU.Build.0 = Debug|Any CPU
		{76858774-EA71-4C9E-A58E-4FA766BBC42A}.Release|Any CPU.ActiveCfg = Release|Any CPU
		{76858774-EA71-4C9E-A58E-4FA766BBC42A}.Release|Any CPU.Build.0 = Release|Any CPU
		{AD131498-7865-43A4-90ED-8519E332E651}.Debug|Any CPU.ActiveCfg = Debug|Any CPU
		{AD131498-7865-43A4-90ED-8519E332E651}.Debug|Any CPU.Build.0 = Debug|Any CPU
		{AD131498-7865-43A4-90ED-8519E332E651}.Release|Any CPU.ActiveCfg = Release|Any CPU
		{AD131498-7865-43A4-90ED-8519E332E651}.Release|Any CPU.Build.0 = Release|Any CPU
		{A69BE5D4-E1C6-447B-A282-0EAA4752C31E}.Debug|Any CPU.ActiveCfg = Debug|Any CPU
		{A69BE5D4-E1C6-447B-A282-0EAA4752C31E}.Debug|Any CPU.Build.0 = Debug|Any CPU
		{A69BE5D4-E1C6-447B-A282-0EAA4752C31E}.Release|Any CPU.ActiveCfg = Release|Any CPU
		{A69BE5D4-E1C6-447B-A282-0EAA4752C31E}.Release|Any CPU.Build.0 = Release|Any CPU
		{9544D19D-BC72-4CA5-B208-AC83D8DEF768}.Debug|Any CPU.ActiveCfg = Debug|Any CPU
		{9544D19D-BC72-4CA5-B208-AC83D8DEF768}.Debug|Any CPU.Build.0 = Debug|Any CPU
		{9544D19D-BC72-4CA5-B208-AC83D8DEF768}.Release|Any CPU.ActiveCfg = Release|Any CPU
		{9544D19D-BC72-4CA5-B208-AC83D8DEF768}.Release|Any CPU.Build.0 = Release|Any CPU
		{BCC73C56-173A-4B78-9F93-C61F8D8C54E0}.Debug|Any CPU.ActiveCfg = Debug|Any CPU
		{BCC73C56-173A-4B78-9F93-C61F8D8C54E0}.Debug|Any CPU.Build.0 = Debug|Any CPU
		{BCC73C56-173A-4B78-9F93-C61F8D8C54E0}.Release|Any CPU.ActiveCfg = Release|Any CPU
		{BCC73C56-173A-4B78-9F93-C61F8D8C54E0}.Release|Any CPU.Build.0 = Release|Any CPU
	EndGlobalSection
	GlobalSection(SolutionProperties) = preSolution
		HideSolutionNode = FALSE
	EndGlobalSection
	GlobalSection(NestedProjects) = preSolution
		{FAA9C885-AB74-463B-BEAF-DFBE707E2C6C} = {EC09670B-CFD6-4042-A7B9-13A97D14FABC}
		{0DEB5F9A-9C19-43BF-BCA6-D96D6478BF9C} = {EC09670B-CFD6-4042-A7B9-13A97D14FABC}
		{25ABDE14-5A41-469F-8253-37429A14639A} = {EC09670B-CFD6-4042-A7B9-13A97D14FABC}
		{64289B70-F2D4-40B1-85E6-99F974441EC0} = {C418A267-2FAC-4982-B6A4-BBC15CE20AB9}
		{AF6D425C-A531-4584-872E-F9F4E8FACE34} = {C418A267-2FAC-4982-B6A4-BBC15CE20AB9}
		{56C0E25D-EC0B-47A4-86F6-45FFF6B55175} = {C418A267-2FAC-4982-B6A4-BBC15CE20AB9}
		{AC285D59-28DA-4EAE-81F0-EAEAF04ADB8F} = {4AC0466B-D75B-4BBC-8C4C-B07E61A56E9A}
		{A57BEC5C-12BB-4189-98E3-E25D9AE04A00} = {4AC0466B-D75B-4BBC-8C4C-B07E61A56E9A}
		{DF032EE7-FB16-4D4F-82C8-99D3DEAEA0D4} = {4AC0466B-D75B-4BBC-8C4C-B07E61A56E9A}
		{BA484728-2D9B-46C4-9DC6-27C21895FF8A} = {8D629125-DB5C-4928-A017-BF5A75DB7BD5}
		{F13A1C71-DB87-47A3-92EA-7E6A0CB7BED8} = {8D629125-DB5C-4928-A017-BF5A75DB7BD5}
		{5BF6D169-78DB-4B47-84C0-D69050B972F9} = {8D629125-DB5C-4928-A017-BF5A75DB7BD5}
		{090CB704-C447-4B0B-901C-A0736B07C91F} = {47E1DB81-B01B-4ED8-9BA3-59E4CF559721}
		{1E2C2A2A-5D0C-486F-BC07-13D9D7A2689F} = {47E1DB81-B01B-4ED8-9BA3-59E4CF559721}
		{6FA47E26-EE8E-48DC-9BF8-6A131262405C} = {47E1DB81-B01B-4ED8-9BA3-59E4CF559721}
		{8B00C0D6-ECB0-4C2C-8723-8B5E055E5C92} = {0CC8E074-D787-432E-A392-C1457DEB4B07}
		{76858774-EA71-4C9E-A58E-4FA766BBC42A} = {0CC8E074-D787-432E-A392-C1457DEB4B07}
		{AD131498-7865-43A4-90ED-8519E332E651} = {0CC8E074-D787-432E-A392-C1457DEB4B07}
		{A69BE5D4-E1C6-447B-A282-0EAA4752C31E} = {208160B5-63C9-49B4-B146-D0524DBC6EBF}
		{9544D19D-BC72-4CA5-B208-AC83D8DEF768} = {208160B5-63C9-49B4-B146-D0524DBC6EBF}
		{BCC73C56-173A-4B78-9F93-C61F8D8C54E0} = {208160B5-63C9-49B4-B146-D0524DBC6EBF}
	EndGlobalSection
	GlobalSection(ExtensibilityGlobals) = postSolution
		SolutionGuid = {B616FCF7-F979-4939-8AC5-A5F7441B2F1F}
	EndGlobalSection
EndGlobal
